# THIS IS AN AUTOGENERATED FILE. DO NOT EDIT THIS FILE DIRECTLY.
# yarn lockfile v1


"@popperjs/core@^2.0.0", "@popperjs/core@^2.9.0":
  version "2.11.8"
  resolved "https://registry.yarnpkg.com/@popperjs/core/-/core-2.11.8.tgz#6b79032e760a0899cd4204710beede972a3a185f"
  integrity sha512-P1st0aksCrn9sGZhp8GMYwBnQsbvAWsZAX44oXNNvLHGqAOcoVxmjZiohstwQ7SqKnbR47akdNi+uleWD8+g6A==

cose-base@^2.2.0:
  version "2.2.0"
  resolved "https://registry.yarnpkg.com/cose-base/-/cose-base-2.2.0.tgz#1c395c35b6e10bb83f9769ca8b817d614add5c01"
  integrity sha512-AzlgcsCbUMymkADOJtQm3wO9S3ltPfYOFD5033keQn9NJzIbtnZj+UdBJe7DYml/8TdbtHJW3j58SOnKhWY/5g==
  dependencies:
    layout-base "^2.0.0"

cytoscape-cxtmenu@^3.5.0:
  version "3.5.0"
  resolved "https://registry.yarnpkg.com/cytoscape-cxtmenu/-/cytoscape-cxtmenu-3.5.0.tgz#c1a79e9e63eddfd0a60a287025a36414c897ecf6"
  integrity sha512-CoqgKAxvQhmHO5fEgJdBqqR2VjwK1dNkxehc2i0MUMqY0araA13z3oP/9KkprHp9Td++KlVBz6JnncNAD76T0Q==

cytoscape-elk@^2.2.0:
  version "2.3.0"
  resolved "https://registry.yarnpkg.com/cytoscape-elk/-/cytoscape-elk-2.3.0.tgz#3f107d914f39119a9680f03593d7e56a1823124f"
  integrity sha512-1h2ZmPOy5HD2+mrfF3P2ICxfnDyPCWg/xLVs7fIjTOzdQu51ydrMtm6Sb7KnhFwLBzhGIVYI2Gbns0njggBarQ==
  dependencies:
    elkjs "^0.9.3"

cytoscape-expand-collapse@^4.1.0:
  version "4.1.1"
  resolved "https://registry.yarnpkg.com/cytoscape-expand-collapse/-/cytoscape-expand-collapse-4.1.1.tgz#ab97f918bec923f5a61f905c261b7011f4ba2b28"
  integrity sha512-MI4/GsA6Rf6RRzNR1aCitBLSnxiIKLxvZyCzF+oti/zn/ui1jmf769VcEFAEbjjsAtwteGsTmczI+niCMWJNvA==

cytoscape-fcose@^2.2.0:
  version "2.2.0"
  resolved "https://registry.yarnpkg.com/cytoscape-fcose/-/cytoscape-fcose-2.2.0.tgz#e4d6f6490df4fab58ae9cea9e5c3ab8d7472f471"
  integrity sha512-ki1/VuRIHFCzxWNrsshHYPs6L7TvLu3DL+TyIGEsRcvVERmxokbf5Gdk7mFxZnTdiGtnA4cfSmjZJMviqSuZrQ==
  dependencies:
    cose-base "^2.2.0"

cytoscape-navigator@^2.0.2:
  version "2.0.2"
  resolved "https://registry.yarnpkg.com/cytoscape-navigator/-/cytoscape-navigator-2.0.2.tgz#4f839797ff05d921be3f22b26c5f237c730f0996"
  integrity sha512-TZFBLFWEMW858UOt4rzusOjtDj7YT5vNx2uCwpUuicUYbaWCHHcUROBZWO+hiuSPWpVhvGLFlOq3NBcAVYOAgw==

cytoscape-node-html-label@^1.2.2:
  version "1.2.2"
  resolved "https://registry.yarnpkg.com/cytoscape-node-html-label/-/cytoscape-node-html-label-1.2.2.tgz#cad4942a52be2075f55521b3ea376daadc67d65f"
  integrity sha512-oUVwrlsIlaJJ8QrQFSMdv3uXVXPg6tMH/Tfofr8JuZIovqI4fPqBi6sQgCMcVpS6k9Td0TTjowBsNRw32CESWg==

cytoscape-popper@^2.0.0:
  version "2.0.0"
  resolved "https://registry.yarnpkg.com/cytoscape-popper/-/cytoscape-popper-2.0.0.tgz#d93917695a9b8af3dbda1d8ee433618ac4d4e359"
  integrity sha512-b7WSOn8qXHWtdIXFNmrgc8qkaOs16tMY0EwtRXlxzvn8X+al6TAFrUwZoYATkYSlotfd/36ZMoeKMEoUck6feA==
  dependencies:
    "@popperjs/core" "^2.0.0"

cytoscape@^3.30.4:
  version "3.33.1"
  resolved "https://registry.yarnpkg.com/cytoscape/-/cytoscape-3.33.1.tgz#449e05d104b760af2912ab76482d24c01cdd4c97"
  integrity sha512-iJc4TwyANnOGR1OmWhsS9ayRS3s+XQ185FmuHObThD+5AeJCakAAbWv8KimMTt08xCCLNgneQwFp+JRJOr9qGQ==

elkjs@^0.9.3:
  version "0.9.3"
  resolved "https://registry.yarnpkg.com/elkjs/-/elkjs-0.9.3.tgz#16711f8ceb09f1b12b99e971b138a8384a529161"
  integrity sha512-f/ZeWvW/BCXbhGEf1Ujp29EASo/lk1FDnETgNKwJrsVvGZhUWCZyg3xLJjAsxfOmt8KjswHmI5EwCQcPMpOYhQ==

gsap@^3.12.7:
  version "3.14.2"
  resolved "https://registry.yarnpkg.com/gsap/-/gsap-3.14.2.tgz#6a9ea31e5046948e0be61eae006ae576ca5937d6"
  integrity sha512-P8/mMxVLU7o4+55+1TCnQrPmgjPKnwkzkXOK1asnR9Jg2lna4tEY5qBJjMmAaOBDDZWtlRjBXjLa0w53G/uBLA==

layout-base@^2.0.0:
  version "2.0.1"
  resolved "https://registry.yarnpkg.com/layout-base/-/layout-base-2.0.1.tgz#d0337913586c90f9c2c075292069f5c2da5dd285"
  integrity sha512-dp3s92+uNI1hWIpPGH3jK2kxE2lMjdXdr+DH8ynZHpd6PUlH6x6cbuXnoMmiNumznqaNO31xu9e79F0uuZ0JFg==

lottie-web@^5.12.2:
  version "5.13.0"
  resolved "https://registry.yarnpkg.com/lottie-web/-/lottie-web-5.13.0.tgz#441d3df217cc8ba302338c3f168e1a3af0f221d3"
  integrity sha512-+gfBXl6sxXMPe8tKQm7qzLnUy5DUPJPKIyRHwtpCpyUEYjHYRJC/5gjUvdkuO2c3JllrPtHXH5UJJK8LRYl5yQ==

tippy.js@^6.3.7:
  version "6.3.7"
  resolved "https://registry.yarnpkg.com/tippy.js/-/tippy.js-6.3.7.tgz#8ccfb651d642010ed9a32ff29b0e9e19c5b8c61c"
  integrity sha512-E1d3oP2emgJ9dRQZdf3Kkn0qJgI6ZLpyS5z6ZkY1DF3kaQaBsGZsndEpHwx+eC+tYM41HaSNvNtLx8tU57FzTQ==
  dependencies:
    "@popperjs/core" "^2.9.0"
